// !$*UTF8*$!
{
	archiveVersion = 1;
	classes = {
	};
	objectVersion = 46;
	objects = {

/* Begin PBXBuildFile section */
		0709864A17A4C4A100162402 /* cMessage_Handler.cpp in Sources */ = {isa = PBXBuildFile; fileRef = 0709864617A4C4A100162402 /* cMessage_Handler.cpp */; };
		0709864B17A4C4A100162402 /* cResource_Handler.cpp in Sources */ = {isa = PBXBuildFile; fileRef = 0709864817A4C4A100162402 /* cResource_Handler.cpp */; };
		0709864E17A4D3F600162402 /* cSystem.cpp in Sources */ = {isa = PBXBuildFile; fileRef = 0709864C17A4D3F600162402 /* cSystem.cpp */; };
		0709865317A4E6BD00162402 /* cScreen.cpp in Sources */ = {isa = PBXBuildFile; fileRef = 0709865217A4E6BD00162402 /* cScreen.cpp */; };
		077F404317A4C14100E08911 /* cGame_Manager.cpp in Sources */ = {isa = PBXBuildFile; fileRef = 077F404217A4C14100E08911 /* cGame_Manager.cpp */; };
		07A6998417A786B2000FDF49 /* cDrawable_Component.cpp in Sources */ = {isa = PBXBuildFile; fileRef = 07A6998317A786B2000FDF49 /* cDrawable_Component.cpp */; };
		07A6998717A895E8000FDF49 /* cSprite.cpp in Sources */ = {isa = PBXBuildFile; fileRef = 07A6998517A895E8000FDF49 /* cSprite.cpp */; };
		07A6998A17A8B3BD000FDF49 /* cRender_System.cpp in Sources */ = {isa = PBXBuildFile; fileRef = 07A6998917A8B3BD000FDF49 /* cRender_System.cpp */; };
		07F713D117A3142C00861126 /* main.cpp in Sources */ = {isa = PBXBuildFile; fileRef = 07F713D017A3142C00861126 /* main.cpp */; };
		07F713DB17A3149F00861126 /* SDLMain.m in Sources */ = {isa = PBXBuildFile; fileRef = 07F713DA17A3149F00861126 /* SDLMain.m */; };
		07F713E317A3167400861126 /* Cocoa.framework in Frameworks */ = {isa = PBXBuildFile; fileRef = 07F713E017A3167400861126 /* Cocoa.framework */; };
		07F713E417A3167400861126 /* RubyCocoa.framework in Frameworks */ = {isa = PBXBuildFile; fileRef = 07F713E117A3167400861126 /* RubyCocoa.framework */; };
		07F713E517A3167400861126 /* SDL.framework in Frameworks */ = {isa = PBXBuildFile; fileRef = 07F713E217A3167400861126 /* SDL.framework */; };
		07F713F817A43FC700861126 /* cComponent.cpp in Sources */ = {isa = PBXBuildFile; fileRef = 07F713EB17A43FC700861126 /* cComponent.cpp */; };
		07F713F917A43FC700861126 /* cName_Component.cpp in Sources */ = {isa = PBXBuildFile; fileRef = 07F713ED17A43FC700861126 /* cName_Component.cpp */; };
		07F713FA17A43FC700861126 /* cPosition_Component.cpp in Sources */ = {isa = PBXBuildFile; fileRef = 07F713EF17A43FC700861126 /* cPosition_Component.cpp */; };
		07F713FB17A43FC700861126 /* cPoint.cpp in Sources */ = {isa = PBXBuildFile; fileRef = 07F713F117A43FC700861126 /* cPoint.cpp */; };
		07F713FC17A43FC700861126 /* cEntity.cpp in Sources */ = {isa = PBXBuildFile; fileRef = 07F713F417A43FC700861126 /* cEntity.cpp */; };
		07F713FD17A43FC700861126 /* n8.cpp in Sources */ = {isa = PBXBuildFile; fileRef = 07F713F617A43FC700861126 /* n8.cpp */; };
/* End PBXBuildFile section */

/* Begin PBXCopyFilesBuildPhase section */
		07F713CA17A3142C00861126 /* CopyFiles */ = {
			isa = PBXCopyFilesBuildPhase;
			buildActionMask = 2147483647;
			dstPath = /usr/share/man/man1/;
			dstSubfolderSpec = 0;
			files = (
			);
			runOnlyForDeploymentPostprocessing = 1;
		};
/* End PBXCopyFilesBuildPhase section */

/* Begin PBXFileReference section */
		0709864617A4C4A100162402 /* cMessage_Handler.cpp */ = {isa = PBXFileReference; fileEncoding = 4; lastKnownFileType = sourcecode.cpp.cpp; name = cMessage_Handler.cpp; path = n8/Handlers/cMessage_Handler.cpp; sourceTree = "<group>"; };
		0709864717A4C4A100162402 /* cMessage_Handler.h */ = {isa = PBXFileReference; fileEncoding = 4; lastKnownFileType = sourcecode.c.h; name = cMessage_Handler.h; path = n8/Handlers/cMessage_Handler.h; sourceTree = "<group>"; };
		0709864817A4C4A100162402 /* cResource_Handler.cpp */ = {isa = PBXFileReference; fileEncoding = 4; lastKnownFileType = sourcecode.cpp.cpp; name = cResource_Handler.cpp; path = n8/Handlers/cResource_Handler.cpp; sourceTree = "<group>"; };
		0709864917A4C4A100162402 /* cResource_Handler.h */ = {isa = PBXFileReference; fileEncoding = 4; lastKnownFileType = sourcecode.c.h; name = cResource_Handler.h; path = n8/Handlers/cResource_Handler.h; sourceTree = "<group>"; };
		0709864C17A4D3F600162402 /* cSystem.cpp */ = {isa = PBXFileReference; fileEncoding = 4; lastKnownFileType = sourcecode.cpp.cpp; name = cSystem.cpp; path = n8/Systems/cSystem.cpp; sourceTree = SOURCE_ROOT; };
		0709864D17A4D3F600162402 /* cSystem.h */ = {isa = PBXFileReference; fileEncoding = 4; lastKnownFileType = sourcecode.c.h; name = cSystem.h; path = n8/Systems/cSystem.h; sourceTree = SOURCE_ROOT; };
		0709865117A4E6A200162402 /* cScreen.h */ = {isa = PBXFileReference; fileEncoding = 4; lastKnownFileType = sourcecode.c.h; name = cScreen.h; path = n8/Utils/cScreen.h; sourceTree = "<group>"; };
		0709865217A4E6BD00162402 /* cScreen.cpp */ = {isa = PBXFileReference; fileEncoding = 4; lastKnownFileType = sourcecode.cpp.cpp; name = cScreen.cpp; path = n8/Utils/cScreen.cpp; sourceTree = "<group>"; };
		0709865617A6088200162402 /* constants.h */ = {isa = PBXFileReference; fileEncoding = 4; lastKnownFileType = sourcecode.c.h; path = constants.h; sourceTree = "<group>"; };
		077F404217A4C14100E08911 /* cGame_Manager.cpp */ = {isa = PBXFileReference; fileEncoding = 4; lastKnownFileType = sourcecode.cpp.cpp; name = cGame_Manager.cpp; path = n8/Manager/cGame_Manager.cpp; sourceTree = "<group>"; };
		077F404417A4C15000E08911 /* cGame_Manager.h */ = {isa = PBXFileReference; fileEncoding = 4; lastKnownFileType = sourcecode.c.h; name = cGame_Manager.h; path = n8/Manager/cGame_Manager.h; sourceTree = "<group>"; };
		07A6998117A7865E000FDF49 /* cDrawable_Component.h */ = {isa = PBXFileReference; fileEncoding = 4; lastKnownFileType = sourcecode.c.h; path = cDrawable_Component.h; sourceTree = "<group>"; };
		07A6998317A786B2000FDF49 /* cDrawable_Component.cpp */ = {isa = PBXFileReference; fileEncoding = 4; lastKnownFileType = sourcecode.cpp.cpp; path = cDrawable_Component.cpp; sourceTree = "<group>"; };
		07A6998517A895E8000FDF49 /* cSprite.cpp */ = {isa = PBXFileReference; fileEncoding = 4; lastKnownFileType = sourcecode.cpp.cpp; name = cSprite.cpp; path = n8/Utils/cSprite.cpp; sourceTree = "<group>"; };
		07A6998617A895E8000FDF49 /* cSprite.h */ = {isa = PBXFileReference; fileEncoding = 4; lastKnownFileType = sourcecode.c.h; name = cSprite.h; path = n8/Utils/cSprite.h; sourceTree = "<group>"; };
		07A6998817A8B33E000FDF49 /* cRender_System.h */ = {isa = PBXFileReference; fileEncoding = 4; lastKnownFileType = sourcecode.c.h; name = cRender_System.h; path = n8/Systems/cRender_System.h; sourceTree = SOURCE_ROOT; };
		07A6998917A8B3BD000FDF49 /* cRender_System.cpp */ = {isa = PBXFileReference; fileEncoding = 4; lastKnownFileType = sourcecode.cpp.cpp; name = cRender_System.cpp; path = n8/Systems/cRender_System.cpp; sourceTree = SOURCE_ROOT; };
		07F713CC17A3142C00861126 /* n8 */ = {isa = PBXFileReference; explicitFileType = "compiled.mach-o.executable"; includeInIndex = 0; path = n8; sourceTree = BUILT_PRODUCTS_DIR; };
		07F713D017A3142C00861126 /* main.cpp */ = {isa = PBXFileReference; lastKnownFileType = sourcecode.cpp.cpp; name = main.cpp; path = n8/main.cpp; sourceTree = "<group>"; };
		07F713D917A3149F00861126 /* SDLMain.h */ = {isa = PBXFileReference; fileEncoding = 4; lastKnownFileType = sourcecode.c.h; name = SDLMain.h; path = n8/SDL/SDLMain.h; sourceTree = "<group>"; };
		07F713DA17A3149F00861126 /* SDLMain.m */ = {isa = PBXFileReference; fileEncoding = 4; lastKnownFileType = sourcecode.c.objc; name = SDLMain.m; path = n8/SDL/SDLMain.m; sourceTree = "<group>"; };
		07F713E017A3167400861126 /* Cocoa.framework */ = {isa = PBXFileReference; lastKnownFileType = wrapper.framework; name = Cocoa.framework; path = System/Library/Frameworks/Cocoa.framework; sourceTree = SDKROOT; };
		07F713E117A3167400861126 /* RubyCocoa.framework */ = {isa = PBXFileReference; lastKnownFileType = wrapper.framework; name = RubyCocoa.framework; path = System/Library/Frameworks/RubyCocoa.framework; sourceTree = SDKROOT; };
		07F713E217A3167400861126 /* SDL.framework */ = {isa = PBXFileReference; lastKnownFileType = wrapper.framework; name = SDL.framework; path = Library/Frameworks/SDL.framework; sourceTree = SDKROOT; };
		07F713E817A43FC700861126 /* background.bmp */ = {isa = PBXFileReference; lastKnownFileType = image.bmp; path = background.bmp; sourceTree = "<group>"; };
		07F713E917A43FC700861126 /* hello.bmp */ = {isa = PBXFileReference; lastKnownFileType = image.bmp; path = hello.bmp; sourceTree = "<group>"; };
		07F713EB17A43FC700861126 /* cComponent.cpp */ = {isa = PBXFileReference; fileEncoding = 4; lastKnownFileType = sourcecode.cpp.cpp; path = cComponent.cpp; sourceTree = "<group>"; };
		07F713EC17A43FC700861126 /* cComponent.h */ = {isa = PBXFileReference; fileEncoding = 4; lastKnownFileType = sourcecode.c.h; path = cComponent.h; sourceTree = "<group>"; };
		07F713ED17A43FC700861126 /* cName_Component.cpp */ = {isa = PBXFileReference; fileEncoding = 4; lastKnownFileType = sourcecode.cpp.cpp; path = cName_Component.cpp; sourceTree = "<group>"; };
		07F713EE17A43FC700861126 /* cName_Component.h */ = {isa = PBXFileReference; fileEncoding = 4; lastKnownFileType = sourcecode.c.h; path = cName_Component.h; sourceTree = "<group>"; };
		07F713EF17A43FC700861126 /* cPosition_Component.cpp */ = {isa = PBXFileReference; fileEncoding = 4; lastKnownFileType = sourcecode.cpp.cpp; path = cPosition_Component.cpp; sourceTree = "<group>"; };
		07F713F017A43FC700861126 /* cPosition_Component.h */ = {isa = PBXFileReference; fileEncoding = 4; lastKnownFileType = sourcecode.c.h; path = cPosition_Component.h; sourceTree = "<group>"; };
		07F713F117A43FC700861126 /* cPoint.cpp */ = {isa = PBXFileReference; fileEncoding = 4; lastKnownFileType = sourcecode.cpp.cpp; name = cPoint.cpp; path = n8/Utils/cPoint.cpp; sourceTree = "<group>"; };
		07F713F217A43FC700861126 /* cPoint.h */ = {isa = PBXFileReference; fileEncoding = 4; lastKnownFileType = sourcecode.c.h; name = cPoint.h; path = n8/Utils/cPoint.h; sourceTree = "<group>"; };
		07F713F417A43FC700861126 /* cEntity.cpp */ = {isa = PBXFileReference; fileEncoding = 4; lastKnownFileType = sourcecode.cpp.cpp; name = cEntity.cpp; path = n8/Entities/cEntity.cpp; sourceTree = "<group>"; };
		07F713F517A43FC700861126 /* cEntity.h */ = {isa = PBXFileReference; fileEncoding = 4; lastKnownFileType = sourcecode.c.h; name = cEntity.h; path = n8/Entities/cEntity.h; sourceTree = "<group>"; };
		07F713F617A43FC700861126 /* n8.cpp */ = {isa = PBXFileReference; fileEncoding = 4; lastKnownFileType = sourcecode.cpp.cpp; path = n8.cpp; sourceTree = "<group>"; };
		07F713F717A43FC700861126 /* n8.h */ = {isa = PBXFileReference; fileEncoding = 4; lastKnownFileType = sourcecode.c.h; path = n8.h; sourceTree = "<group>"; };
/* End PBXFileReference section */

/* Begin PBXFrameworksBuildPhase section */
		07F713C917A3142C00861126 /* Frameworks */ = {
			isa = PBXFrameworksBuildPhase;
			buildActionMask = 2147483647;
			files = (
				07F713E317A3167400861126 /* Cocoa.framework in Frameworks */,
				07F713E417A3167400861126 /* RubyCocoa.framework in Frameworks */,
				07F713E517A3167400861126 /* SDL.framework in Frameworks */,
			);
			runOnlyForDeploymentPostprocessing = 0;
		};
/* End PBXFrameworksBuildPhase section */

/* Begin PBXGroup section */
		0709864517A4C49100162402 /* Handlers */ = {
			isa = PBXGroup;
			children = (
				0709864617A4C4A100162402 /* cMessage_Handler.cpp */,
				0709864717A4C4A100162402 /* cMessage_Handler.h */,
				0709864817A4C4A100162402 /* cResource_Handler.cpp */,
				0709864917A4C4A100162402 /* cResource_Handler.h */,
			);
			name = Handlers;
			sourceTree = "<group>";
		};
		077E456617A4BFEC00395E8C /* Systems */ = {
			isa = PBXGroup;
			children = (
				0709864C17A4D3F600162402 /* cSystem.cpp */,
				0709864D17A4D3F600162402 /* cSystem.h */,
				07A6998817A8B33E000FDF49 /* cRender_System.h */,
				07A6998917A8B3BD000FDF49 /* cRender_System.cpp */,
			);
			name = Systems;
			path = n8/n8;
			sourceTree = "<group>";
		};
		077F404517A4C1AA00E08911 /* Manager */ = {
			isa = PBXGroup;
			children = (
				077F404217A4C14100E08911 /* cGame_Manager.cpp */,
				077F404417A4C15000E08911 /* cGame_Manager.h */,
			);
			name = Manager;
			sourceTree = "<group>";
		};
		077F404617A4C26700E08911 /* Entities */ = {
			isa = PBXGroup;
			children = (
				07F713F417A43FC700861126 /* cEntity.cpp */,
				07F713F517A43FC700861126 /* cEntity.h */,
			);
			name = Entities;
			sourceTree = "<group>";
		};
		07C844AB17A444200084C474 /* SDL */ = {
			isa = PBXGroup;
			children = (
				07F713DA17A3149F00861126 /* SDLMain.m */,
				07F713D917A3149F00861126 /* SDLMain.h */,
			);
			name = SDL;
			sourceTree = "<group>";
		};
		07F713C117A3142C00861126 = {
			isa = PBXGroup;
			children = (
				0709864517A4C49100162402 /* Handlers */,
				077F404617A4C26700E08911 /* Entities */,
				07F713E117A3167400861126 /* RubyCocoa.framework */,
				07F713E217A3167400861126 /* SDL.framework */,
				07F713E017A3167400861126 /* Cocoa.framework */,
				077F404517A4C1AA00E08911 /* Manager */,
				077E456617A4BFEC00395E8C /* Systems */,
				07F713FE17A4412F00861126 /* Utils */,
				07F713D017A3142C00861126 /* main.cpp */,
				07F713E617A43FC700861126 /* Assets */,
				07F713EA17A43FC700861126 /* Components */,
				07F713F317A43FC700861126 /* n8 */,
				07C844AB17A444200084C474 /* SDL */,
				07F713CD17A3142C00861126 /* Products */,
			);
			sourceTree = "<group>";
		};
		07F713CD17A3142C00861126 /* Products */ = {
			isa = PBXGroup;
			children = (
				07F713CC17A3142C00861126 /* n8 */,
			);
			name = Products;
			sourceTree = "<group>";
		};
		07F713E617A43FC700861126 /* Assets */ = {
			isa = PBXGroup;
			children = (
				07F713E717A43FC700861126 /* gfx */,
			);
			name = Assets;
			path = n8/Assets;
			sourceTree = "<group>";
		};
		07F713E717A43FC700861126 /* gfx */ = {
			isa = PBXGroup;
			children = (
				07F713E817A43FC700861126 /* background.bmp */,
				07F713E917A43FC700861126 /* hello.bmp */,
			);
			path = gfx;
			sourceTree = "<group>";
		};
		07F713EA17A43FC700861126 /* Components */ = {
			isa = PBXGroup;
			children = (
				07F713EB17A43FC700861126 /* cComponent.cpp */,
				07F713EC17A43FC700861126 /* cComponent.h */,
				07F713ED17A43FC700861126 /* cName_Component.cpp */,
				07F713EE17A43FC700861126 /* cName_Component.h */,
				07F713EF17A43FC700861126 /* cPosition_Component.cpp */,
				07F713F017A43FC700861126 /* cPosition_Component.h */,
				07A6998117A7865E000FDF49 /* cDrawable_Component.h */,
				07A6998317A786B2000FDF49 /* cDrawable_Component.cpp */,
			);
			name = Components;
			path = n8/Components;
			sourceTree = "<group>";
		};
		07F713F317A43FC700861126 /* n8 */ = {
			isa = PBXGroup;
			children = (
				07F713F617A43FC700861126 /* n8.cpp */,
				07F713F717A43FC700861126 /* n8.h */,
				0709865617A6088200162402 /* constants.h */,
			);
			name = n8;
			path = n8/n8;
			sourceTree = "<group>";
		};
		07F713FE17A4412F00861126 /* Utils */ = {
			isa = PBXGroup;
			children = (
				07A6998517A895E8000FDF49 /* cSprite.cpp */,
				07A6998617A895E8000FDF49 /* cSprite.h */,
				07F713F117A43FC700861126 /* cPoint.cpp */,
				07F713F217A43FC700861126 /* cPoint.h */,
				0709865117A4E6A200162402 /* cScreen.h */,
				0709865217A4E6BD00162402 /* cScreen.cpp */,
			);
			name = Utils;
			sourceTree = "<group>";
		};
/* End PBXGroup section */

/* Begin PBXNativeTarget section */
		07F713CB17A3142C00861126 /* n8 */ = {
			isa = PBXNativeTarget;
			buildConfigurationList = 07F713D617A3142C00861126 /* Build configuration list for PBXNativeTarget "n8" */;
			buildPhases = (
				07F713C817A3142C00861126 /* Sources */,
				07F713C917A3142C00861126 /* Frameworks */,
				07F713CA17A3142C00861126 /* CopyFiles */,
			);
			buildRules = (
			);
			dependencies = (
			);
			name = n8;
			productName = n8;
			productReference = 07F713CC17A3142C00861126 /* n8 */;
			productType = "com.apple.product-type.tool";
		};
/* End PBXNativeTarget section */

/* Begin PBXProject section */
		07F713C317A3142C00861126 /* Project object */ = {
			isa = PBXProject;
			attributes = {
				LastUpgradeCheck = 0420;
				ORGANIZATIONNAME = n8Tech;
			};
			buildConfigurationList = 07F713C617A3142C00861126 /* Build configuration list for PBXProject "n8" */;
			compatibilityVersion = "Xcode 3.2";
			developmentRegion = English;
			hasScannedForEncodings = 0;
			knownRegions = (
				en,
			);
			mainGroup = 07F713C117A3142C00861126;
			productRefGroup = 07F713CD17A3142C00861126 /* Products */;
			projectDirPath = "";
			projectRoot = "";
			targets = (
				07F713CB17A3142C00861126 /* n8 */,
			);
		};
/* End PBXProject section */

/* Begin PBXSourcesBuildPhase section */
		07F713C817A3142C00861126 /* Sources */ = {
			isa = PBXSourcesBuildPhase;
			buildActionMask = 2147483647;
			files = (
				07F713D117A3142C00861126 /* main.cpp in Sources */,
				07F713DB17A3149F00861126 /* SDLMain.m in Sources */,
				07F713F817A43FC700861126 /* cComponent.cpp in Sources */,
				07F713F917A43FC700861126 /* cName_Component.cpp in Sources */,
				07F713FA17A43FC700861126 /* cPosition_Component.cpp in Sources */,
				07F713FB17A43FC700861126 /* cPoint.cpp in Sources */,
				07F713FC17A43FC700861126 /* cEntity.cpp in Sources */,
				07F713FD17A43FC700861126 /* n8.cpp in Sources */,
				077F404317A4C14100E08911 /* cGame_Manager.cpp in Sources */,
				0709864A17A4C4A100162402 /* cMessage_Handler.cpp in Sources */,
				0709864B17A4C4A100162402 /* cResource_Handler.cpp in Sources */,
				0709864E17A4D3F600162402 /* cSystem.cpp in Sources */,
				0709865317A4E6BD00162402 /* cScreen.cpp in Sources */,
				07A6998417A786B2000FDF49 /* cDrawable_Component.cpp in Sources */,
				07A6998717A895E8000FDF49 /* cSprite.cpp in Sources */,
				07A6998A17A8B3BD000FDF49 /* cRender_System.cpp in Sources */,
			);
			runOnlyForDeploymentPostprocessing = 0;
		};
/* End PBXSourcesBuildPhase section */

/* Begin XCBuildConfiguration section */
		07F713D417A3142C00861126 /* Debug */ = {
			isa = XCBuildConfiguration;
			buildSettings = {
				ALWAYS_SEARCH_USER_PATHS = NO;
				ARCHS = "$(ARCHS_STANDARD_64_BIT)";
				CLANG_ENABLE_OBJC_ARC = NO;
				COPY_PHASE_STRIP = NO;
				FRAMEWORK_SEARCH_PATHS = /Library/Frameworks;
				GCC_C_LANGUAGE_STANDARD = gnu99;
				GCC_DYNAMIC_NO_PIC = NO;
				GCC_ENABLE_OBJC_EXCEPTIONS = YES;
				GCC_OPTIMIZATION_LEVEL = 0;
				GCC_PREPROCESSOR_DEFINITIONS = (
					"DEBUG=1",
					"$(inherited)",
				);
				GCC_SYMBOLS_PRIVATE_EXTERN = NO;
				GCC_VERSION = com.apple.compilers.llvm.clang.1_0;
				GCC_WARN_64_TO_32_BIT_CONVERSION = YES;
				GCC_WARN_ABOUT_MISSING_PROTOTYPES = YES;
				GCC_WARN_ABOUT_RETURN_TYPE = YES;
				GCC_WARN_UNUSED_VARIABLE = YES;
				MACOSX_DEPLOYMENT_TARGET = 10.7;
				ONLY_ACTIVE_ARCH = YES;
				SDKROOT = macosx;
			};
			name = Debug;
		};
		07F713D517A3142C00861126 /* Release */ = {
			isa = XCBuildConfiguration;
			buildSettings = {
				ALWAYS_SEARCH_USER_PATHS = NO;
				ARCHS = "$(ARCHS_STANDARD_64_BIT)";
				CLANG_ENABLE_OBJC_ARC = NO;
				COPY_PHASE_STRIP = YES;
				DEBUG_INFORMATION_FORMAT = "dwarf-with-dsym";
				FRAMEWORK_SEARCH_PATHS = /Library/Frameworks;
				GCC_C_LANGUAGE_STANDARD = gnu99;
				GCC_ENABLE_OBJC_EXCEPTIONS = YES;
				GCC_VERSION = com.apple.compilers.llvm.clang.1_0;
				GCC_WARN_64_TO_32_BIT_CONVERSION = YES;
				GCC_WARN_ABOUT_MISSING_PROTOTYPES = YES;
				GCC_WARN_ABOUT_RETURN_TYPE = YES;
				GCC_WARN_UNUSED_VARIABLE = YES;
				MACOSX_DEPLOYMENT_TARGET = 10.7;
				SDKROOT = macosx;
			};
			name = Release;
		};
		07F713D717A3142C00861126 /* Debug */ = {
			isa = XCBuildConfiguration;
			buildSettings = {
				FRAMEWORK_SEARCH_PATHS = /Library/Frameworks;
				PRODUCT_NAME = "$(TARGET_NAME)";
			};
			name = Debug;
		};
		07F713D817A3142C00861126 /* Release */ = {
			isa = XCBuildConfiguration;
			buildSettings = {
				FRAMEWORK_SEARCH_PATHS = /Library/Frameworks;
				PRODUCT_NAME = "$(TARGET_NAME)";
			};
			name = Release;
		};
/* End XCBuildConfiguration section */

/* Begin XCConfigurationList section */
		07F713C617A3142C00861126 /* Build configuration list for PBXProject "n8" */ = {
			isa = XCConfigurationList;
			buildConfigurations = (
				07F713D417A3142C00861126 /* Debug */,
				07F713D517A3142C00861126 /* Release */,
			);
			defaultConfigurationIsVisible = 0;
			defaultConfigurationName = Release;
		};
		07F713D617A3142C00861126 /* Build configuration list for PBXNativeTarget "n8" */ = {
			isa = XCConfigurationList;
			buildConfigurations = (
				07F713D717A3142C00861126 /* Debug */,
				07F713D817A3142C00861126 /* Release */,
			);
			defaultConfigurationIsVisible = 0;
			defaultConfigurationName = Release;
		};
/* End XCConfigurationList section */
	};
	rootObject = 07F713C317A3142C00861126 /* Project object */;
}
